// !$*UTF8*$!
{
	archiveVersion = 1;
	classes = {
	};
	objectVersion = 46;
	objects = {

/* Begin PBXBuildFile section */
		FD6BD6C01D58D30500C787EF /* main.swift in Sources */ = {isa = PBXBuildFile; fileRef = FD6BD6BF1D58D30500C787EF /* main.swift */; };
		FD6BD6C71D58D36D00C787EF /* Message.swift in Sources */ = {isa = PBXBuildFile; fileRef = FD6BD6C61D58D36D00C787EF /* Message.swift */; };
		FD6BD6C91D58D3F500C787EF /* Transmitters.swift in Sources */ = {isa = PBXBuildFile; fileRef = FD6BD6C81D58D3F500C787EF /* Transmitters.swift */; };
/* End PBXBuildFile section */

/* Begin PBXCopyFilesBuildPhase section */
		FD6BD6BA1D58D30500C787EF /* CopyFiles */ = {
			isa = PBXCopyFilesBuildPhase;
			buildActionMask = 2147483647;
			dstPath = /usr/share/man/man1/;
			dstSubfolderSpec = 0;
			files = (
			);
			runOnlyForDeploymentPostprocessing = 1;
		};
/* End PBXCopyFilesBuildPhase section */

/* Begin PBXFileReference section */
		FD6BD6BC1D58D30500C787EF /* ChainOfResp */ = {isa = PBXFileReference; explicitFileType = "compiled.mach-o.executable"; includeInIndex = 0; path = ChainOfResp; sourceTree = BUILT_PRODUCTS_DIR; };
		FD6BD6BF1D58D30500C787EF /* main.swift */ = {isa = PBXFileReference; lastKnownFileType = sourcecode.swift; path = main.swift; sourceTree = "<group>"; };
		FD6BD6C61D58D36D00C787EF /* Message.swift */ = {isa = PBXFileReference; fileEncoding = 4; lastKnownFileType = sourcecode.swift; path = Message.swift; sourceTree = "<group>"; };
		FD6BD6C81D58D3F500C787EF /* Transmitters.swift */ = {isa = PBXFileReference; fileEncoding = 4; lastKnownFileType = sourcecode.swift; path = Transmitters.swift; sourceTree = "<group>"; };
/* End PBXFileReference section */

/* Begin PBXFrameworksBuildPhase section */
		FD6BD6B91D58D30500C787EF /* Frameworks */ = {
			isa = PBXFrameworksBuildPhase;
			buildActionMask = 2147483647;
			files = (
			);
			runOnlyForDeploymentPostprocessing = 0;
		};
/* End PBXFrameworksBuildPhase section */

/* Begin PBXGroup section */
		FD6BD6B31D58D30500C787EF = {
			isa = PBXGroup;
			children = (
				FD6BD6BE1D58D30500C787EF /* ChainOfResp */,
				FD6BD6BD1D58D30500C787EF /* Products */,
			);
			sourceTree = "<group>";
		};
		FD6BD6BD1D58D30500C787EF /* Products */ = {
			isa = PBXGroup;
			children = (
				FD6BD6BC1D58D30500C787EF /* ChainOfResp */,
			);
			name = Products;
			sourceTree = "<group>";
		};
		FD6BD6BE1D58D30500C787EF /* ChainOfResp */ = {
			isa = PBXGroup;
			children = (
				FD6BD6BF1D58D30500C787EF /* main.swift */,
				FD6BD6C61D58D36D00C787EF /* Message.swift */,
				FD6BD6C81D58D3F500C787EF /* Transmitters.swift */,
			);
			path = ChainOfResp;
			sourceTree = "<group>";
		};
/* End PBXGroup section */

/* Begin PBXNativeTarget section */
		FD6BD6BB1D58D30500C787EF /* ChainOfResp */ = {
			isa = PBXNativeTarget;
			buildConfigurationList = FD6BD6C31D58D30500C787EF /* Build configuration list for PBXNativeTarget "ChainOfResp" */;
			buildPhases = (
				FD6BD6B81D58D30500C787EF /* Sources */,
				FD6BD6B91D58D30500C787EF /* Frameworks */,
				FD6BD6BA1D58D30500C787EF /* CopyFiles */,
			);
			buildRules = (
			);
			dependencies = (
			);
			name = ChainOfResp;
			productName = ChainOfResp;
			productReference = FD6BD6BC1D58D30500C787EF /* ChainOfResp */;
			productType = "com.apple.product-type.tool";
		};
/* End PBXNativeTarget section */

/* Begin PBXProject section */
		FD6BD6B41D58D30500C787EF /* Project object */ = {
			isa = PBXProject;
			attributes = {
				LastSwiftUpdateCheck = 0730;
				LastUpgradeCheck = 0730;
				ORGANIZATIONNAME = "15th Team";
				TargetAttributes = {
					FD6BD6BB1D58D30500C787EF = {
						CreatedOnToolsVersion = 7.3.1;
					};
				};
			};
			buildConfigurationList = FD6BD6B71D58D30500C787EF /* Build configuration list for PBXProject "ChainOfResp" */;
			compatibilityVersion = "Xcode 3.2";
			developmentRegion = English;
			hasScannedForEncodings = 0;
			knownRegions = (
				en,
			);
			mainGroup = FD6BD6B31D58D30500C787EF;
			productRefGroup = FD6BD6BD1D58D30500C787EF /* Products */;
			projectDirPath = "";
			projectRoot = "";
			targets = (
				FD6BD6BB1D58D30500C787EF /* ChainOfResp */,
			);
		};
/* End PBXProject section */

/* Begin PBXSourcesBuildPhase section */
		FD6BD6B81D58D30500C787EF /* Sources */ = {
			isa = PBXSourcesBuildPhase;
			buildActionMask = 2147483647;
			files = (
				FD6BD6C91D58D3F500C787EF /* Transmitters.swift in Sources */,
				FD6BD6C01D58D30500C787EF /* main.swift in Sources */,
				FD6BD6C71D58D36D00C787EF /* Message.swift in Sources */,
			);
			runOnlyForDeploymentPostprocessing = 0;
		};
/* End PBXSourcesBuildPhase section */

/* Begin XCBuildConfiguration section */
		FD6BD6C11D58D30500C787EF /* Debug */ = {
			isa = XCBuildConfiguration;
			buildSettings = {
				ALWAYS_SEARCH_USER_PATHS = NO;
				CLANG_ANALYZER_NONNULL = YES;
				CLANG_CXX_LANGUAGE_STANDARD = "gnu++0x";
				CLANG_CXX_LIBRARY = "libc++";
				CLANG_ENABLE_MODULES = YES;
				CLANG_ENABLE_OBJC_ARC = YES;
				CLANG_WARN_BOOL_CONVERSION = YES;
				CLANG_WARN_CONSTANT_CONVERSION = YES;
				CLANG_WARN_DIRECT_OBJC_ISA_USAGE = YES_ERROR;
				CLANG_WARN_EMPTY_BODY = YES;
				CLANG_WARN_ENUM_CONVERSION = YES;
				CLANG_WARN_INT_CONVERSION = YES;
				CLANG_WARN_OBJC_ROOT_CLASS = YES_ERROR;
				CLANG_WARN_UNREACHABLE_CODE = YES;
				CLANG_WARN__DUPLICATE_METHOD_MATCH = YES;
				CODE_SIGN_IDENTITY = "-";
				COPY_PHASE_STRIP = NO;
				DEBUG_INFORMATION_FORMAT = dwarf;
				ENABLE_STRICT_OBJC_MSGSEND = YES;
				ENABLE_TESTABILITY = YES;
				GCC_C_LANGUAGE_STANDARD = gnu99;
				GCC_DYNAMIC_NO_PIC = NO;
				GCC_NO_COMMON_BLOCKS = YES;
				GCC_OPTIMIZATION_LEVEL = 0;
				GCC_PREPROCESSOR_DEFINITIONS = (
					"DEBUG=1",
					"$(inherited)",
				);
				GCC_WARN_64_TO_32_BIT_CONVERSION = YES;
				GCC_WARN_ABOUT_RETURN_TYPE = YES_ERROR;
				GCC_WARN_UNDECLARED_SELECTOR = YES;
				GCC_WARN_UNINITIALIZED_AUTOS = YES_AGGRESSIVE;
				GCC_WARN_UNUSED_FUNCTION = YES;
				GCC_WARN_UNUSED_VARIABLE = YES;
				MACOSX_DEPLOYMENT_TARGET = 10.11;
				MTL_ENABLE_DEBUG_INFO = YES;
				ONLY_ACTIVE_ARCH = YES;
				SDKROOT = macosx;
				SWIFT_OPTIMIZATION_LEVEL = "-Onone";
			};
			name = Debug;
		};
		FD6BD6C21D58D30500C787EF /* Release */ = {
			isa = XCBuildConfiguration;
			buildSettings = {
				ALWAYS_SEARCH_USER_PATHS = NO;
				CLANG_ANALYZER_NONNULL = YES;
				CLANG_CXX_LANGUAGE_STANDARD = "gnu++0x";
				CLANG_CXX_LIBRARY = "libc++";
				CLANG_ENABLE_MODULES = YES;
				CLANG_ENABLE_OBJC_ARC = YES;
				CLANG_WARN_BOOL_CONVERSION = YES;
				CLANG_WARN_CONSTANT_CONVERSION = YES;
				CLANG_WARN_DIRECT_OBJC_ISA_USAGE = YES_ERROR;
				CLANG_WARN_EMPTY_BODY = YES;
				CLANG_WARN_ENUM_CONVERSION = YES;
				CLANG_WARN_INT_CONVERSION = YES;
				CLANG_WARN_OBJC_ROOT_CLASS = YES_ERROR;
				CLANG_WARN_UNREACHABLE_CODE = YES;
				CLANG_WARN__DUPLICATE_METHOD_MATCH = YES;
				CODE_SIGN_IDENTITY = "-";
				COPY_PHASE_STRIP = NO;
				DEBUG_INFORMATION_FORMAT = "dwarf-with-dsym";
				ENABLE_NS_ASSERTIONS = NO;
				ENABLE_STRICT_OBJC_MSGSEND = YES;
				GCC_C_LANGUAGE_STANDARD = gnu99;
				GCC_NO_COMMON_BLOCKS = YES;
				GCC_WARN_64_TO_32_BIT_CONVERSION = YES;
				GCC_WARN_ABOUT_RETURN_TYPE = YES_ERROR;
				GCC_WARN_UNDECLARED_SELECTOR = YES;
				GCC_WARN_UNINITIALIZED_AUTOS = YES_AGGRESSIVE;
				GCC_WARN_UNUSED_FUNCTION = YES;
				GCC_WARN_UNUSED_VARIABLE = YES;
				MACOSX_DEPLOYMENT_TARGET = 10.11;
				MTL_ENABLE_DEBUG_INFO = NO;
				SDKROOT = macosx;
			};
			name = Release;
		};
		FD6BD6C41D58D30500C787EF /* Debug */ = {
			isa = XCBuildConfiguration;
			buildSettings = {
				PRODUCT_NAME = "$(TARGET_NAME)";
			};
			name = Debug;
		};
		FD6BD6C51D58D30500C787EF /* Release */ = {
			isa = XCBuildConfiguration;
			buildSettings = {
				PRODUCT_NAME = "$(TARGET_NAME)";
			};
			name = Release;
		};
/* End XCBuildConfiguration section */

/* Begin XCConfigurationList section */
		FD6BD6B71D58D30500C787EF /* Build configuration list for PBXProject "ChainOfResp" */ = {
			isa = XCConfigurationList;
			buildConfigurations = (
				FD6BD6C11D58D30500C787EF /* Debug */,
				FD6BD6C21D58D30500C787EF /* Release */,
			);
			defaultConfigurationIsVisible = 0;
			defaultConfigurationName = Release;
		};
		FD6BD6C31D58D30500C787EF /* Build configuration list for PBXNativeTarget "ChainOfResp" */ = {
			isa = XCConfigurationList;
			buildConfigurations = (
				FD6BD6C41D58D30500C787EF /* Debug */,
				FD6BD6C51D58D30500C787EF /* Release */,
			);
			defaultConfigurationIsVisible = 0;
		};
/* End XCConfigurationList section */
	};
	rootObject = FD6BD6B41D58D30500C787EF /* Project object */;
}
